
Microsoft Visual Studio Solution File, Format Version 11.00
# Visual Studio 2010
Project("{FAE04EC0-301F-11D3-BF4B-00C04F79EFBC}") = "LessonsLearned.WpfApplication", "LessonsLearned.WpfApplication\LessonsLearned.WpfApplication.csproj", "{DEC0EFC6-96EB-452E-9970-57E5806643D4}"
EndProject
Project("{FAE04EC0-301F-11D3-BF4B-00C04F79EFBC}") = "LessonsLearned.WindowsFormsApplication", "LessonsLearned.WindowsFormsApplication\LessonsLearned.WindowsFormsApplication.csproj", "{39222C0B-4939-4FB9-B0FC-54E9BECEB8A6}"
EndProject
Project("{FAE04EC0-301F-11D3-BF4B-00C04F79EFBC}") = "LessonsLearned.DomainModel", "LessonsLearned.DomainModel\LessonsLearned.DomainModel.csproj", "{61FC25B0-1246-4F5D-82D1-8F2A53A7282F}"
EndProject
Project("{FAE04EC0-301F-11D3-BF4B-00C04F79EFBC}") = "LessonsLearned.PresentationModel", "LessonsLearned.PresentationModel\LessonsLearned.PresentationModel.csproj", "{BA876EF8-9C91-458F-BC01-628852663C6D}"
EndProject
Project("{FAE04EC0-301F-11D3-BF4B-00C04F79EFBC}") = "LessonsLearned.PresentationModel.UnitTests", "LessonsLearned.PresentationModel.UnitTests\LessonsLearned.PresentationModel.UnitTests.csproj", "{4C55F72F-9C96-44E1-9156-550A54090B56}"
EndProject
Project("{2150E333-8FDC-42A3-9474-1A3956D46DE8}") = "Solution Items", "Solution Items", "{13308191-73E6-42DA-80BA-BC70800F8453}"
	ProjectSection(SolutionItems) = preProject
		LessonsLearned.vsmdi = LessonsLearned.vsmdi
		Local.testsettings = Local.testsettings
		TraceAndTestImpact.testsettings = TraceAndTestImpact.testsettings
	EndProjectSection
EndProject
Project("{FAE04EC0-301F-11D3-BF4B-00C04F79EFBC}") = "LessonsLearned.Application", "LessonsLearned.Application\LessonsLearned.Application.csproj", "{5BFF22EA-E67D-4C50-9FF9-7341D8CBED4F}"
EndProject
Project("{FAE04EC0-301F-11D3-BF4B-00C04F79EFBC}") = "LessonsLearner.DataAccess", "F:\git_local\LessonsLearned\LessonsLearner.DataAccess\LessonsLearner.DataAccess.csproj", "{38590156-CF11-4E15-BAA2-2090271FFAD6}"
EndProject
Project("{FAE04EC0-301F-11D3-BF4B-00C04F79EFBC}") = "LessonsLearned.Application.UnitTests", "LessonsLearned.Application.UnitTests\LessonsLearned.Application.UnitTests.csproj", "{A644CCB6-042A-4D33-B107-182867779D75}"
EndProject
Project("{FAE04EC0-301F-11D3-BF4B-00C04F79EFBC}") = "LessonsLearned.Application.WinForms", "LessonsLearned.Application.WinForms\LessonsLearned.Application.WinForms.csproj", "{DE62000E-3490-4466-916E-7949E1593AFD}"
EndProject
Project("{FAE04EC0-301F-11D3-BF4B-00C04F79EFBC}") = "LessonsLearned.Application.WinForms.UnitTests", "LessonsLearned.Application.WinForms.UnitTests\LessonsLearned.Application.WinForms.UnitTests.csproj", "{31436160-6697-4873-903F-9ABE9B765D1D}"
EndProject
Project("{FAE04EC0-301F-11D3-BF4B-00C04F79EFBC}") = "Caliburn.Micro.WinForms", "..\..\mercurial_local\caliburnmicro\src\Caliburn.Micro.WinForms\Caliburn.Micro.WinForms.csproj", "{2CA4926C-3F23-49B4-8F7A-74BC1F1651BB}"
EndProject
Project("{FAE04EC0-301F-11D3-BF4B-00C04F79EFBC}") = "LessonsLearned.DomainModel.UnitTests", "LessonsLearned.DomainModel.UnitTests\LessonsLearned.DomainModel.UnitTests.csproj", "{B95C334D-FF48-4278-9313-0F6694658A6D}"
EndProject
Global
	GlobalSection(TestCaseManagementSettings) = postSolution
		CategoryFile = LessonsLearned.vsmdi
	EndGlobalSection
	GlobalSection(SolutionConfigurationPlatforms) = preSolution
		Debug|Any CPU = Debug|Any CPU
		Debug|Mixed Platforms = Debug|Mixed Platforms
		Debug|x86 = Debug|x86
		Release|Any CPU = Release|Any CPU
		Release|Mixed Platforms = Release|Mixed Platforms
		Release|x86 = Release|x86
	EndGlobalSection
	GlobalSection(ProjectConfigurationPlatforms) = postSolution
		{DEC0EFC6-96EB-452E-9970-57E5806643D4}.Debug|Any CPU.ActiveCfg = Debug|x86
		{DEC0EFC6-96EB-452E-9970-57E5806643D4}.Debug|Mixed Platforms.ActiveCfg = Debug|x86
		{DEC0EFC6-96EB-452E-9970-57E5806643D4}.Debug|Mixed Platforms.Build.0 = Debug|x86
		{DEC0EFC6-96EB-452E-9970-57E5806643D4}.Debug|x86.ActiveCfg = Debug|x86
		{DEC0EFC6-96EB-452E-9970-57E5806643D4}.Debug|x86.Build.0 = Debug|x86
		{DEC0EFC6-96EB-452E-9970-57E5806643D4}.Release|Any CPU.ActiveCfg = Release|x86
		{DEC0EFC6-96EB-452E-9970-57E5806643D4}.Release|Mixed Platforms.ActiveCfg = Release|x86
		{DEC0EFC6-96EB-452E-9970-57E5806643D4}.Release|Mixed Platforms.Build.0 = Release|x86
		{DEC0EFC6-96EB-452E-9970-57E5806643D4}.Release|x86.ActiveCfg = Release|x86
		{DEC0EFC6-96EB-452E-9970-57E5806643D4}.Release|x86.Build.0 = Release|x86
		{39222C0B-4939-4FB9-B0FC-54E9BECEB8A6}.Debug|Any CPU.ActiveCfg = Debug|x86
		{39222C0B-4939-4FB9-B0FC-54E9BECEB8A6}.Debug|Mixed Platforms.ActiveCfg = Debug|x86
		{39222C0B-4939-4FB9-B0FC-54E9BECEB8A6}.Debug|Mixed Platforms.Build.0 = Debug|x86
		{39222C0B-4939-4FB9-B0FC-54E9BECEB8A6}.Debug|x86.ActiveCfg = Debug|x86
		{39222C0B-4939-4FB9-B0FC-54E9BECEB8A6}.Debug|x86.Build.0 = Debug|x86
		{39222C0B-4939-4FB9-B0FC-54E9BECEB8A6}.Release|Any CPU.ActiveCfg = Release|x86
		{39222C0B-4939-4FB9-B0FC-54E9BECEB8A6}.Release|Mixed Platforms.ActiveCfg = Release|x86
		{39222C0B-4939-4FB9-B0FC-54E9BECEB8A6}.Release|Mixed Platforms.Build.0 = Release|x86
		{39222C0B-4939-4FB9-B0FC-54E9BECEB8A6}.Release|x86.ActiveCfg = Release|x86
		{39222C0B-4939-4FB9-B0FC-54E9BECEB8A6}.Release|x86.Build.0 = Release|x86
		{61FC25B0-1246-4F5D-82D1-8F2A53A7282F}.Debug|Any CPU.ActiveCfg = Debug|Any CPU
		{61FC25B0-1246-4F5D-82D1-8F2A53A7282F}.Debug|Any CPU.Build.0 = Debug|Any CPU
		{61FC25B0-1246-4F5D-82D1-8F2A53A7282F}.Debug|Mixed Platforms.ActiveCfg = Debug|Any CPU
		{61FC25B0-1246-4F5D-82D1-8F2A53A7282F}.Debug|Mixed Platforms.Build.0 = Debug|Any CPU
		{61FC25B0-1246-4F5D-82D1-8F2A53A7282F}.Debug|x86.ActiveCfg = Debug|Any CPU
		{61FC25B0-1246-4F5D-82D1-8F2A53A7282F}.Release|Any CPU.ActiveCfg = Release|Any CPU
		{61FC25B0-1246-4F5D-82D1-8F2A53A7282F}.Release|Any CPU.Build.0 = Release|Any CPU
		{61FC25B0-1246-4F5D-82D1-8F2A53A7282F}.Release|Mixed Platforms.ActiveCfg = Release|Any CPU
		{61FC25B0-1246-4F5D-82D1-8F2A53A7282F}.Release|Mixed Platforms.Build.0 = Release|Any CPU
		{61FC25B0-1246-4F5D-82D1-8F2A53A7282F}.Release|x86.ActiveCfg = Release|Any CPU
		{BA876EF8-9C91-458F-BC01-628852663C6D}.Debug|Any CPU.ActiveCfg = Debug|Any CPU
		{BA876EF8-9C91-458F-BC01-628852663C6D}.Debug|Any CPU.Build.0 = Debug|Any CPU
		{BA876EF8-9C91-458F-BC01-628852663C6D}.Debug|Mixed Platforms.ActiveCfg = Debug|Any CPU
		{BA876EF8-9C91-458F-BC01-628852663C6D}.Debug|Mixed Platforms.Build.0 = Debug|Any CPU
		{BA876EF8-9C91-458F-BC01-628852663C6D}.Debug|x86.ActiveCfg = Debug|Any CPU
		{BA876EF8-9C91-458F-BC01-628852663C6D}.Release|Any CPU.ActiveCfg = Release|Any CPU
		{BA876EF8-9C91-458F-BC01-628852663C6D}.Release|Any CPU.Build.0 = Release|Any CPU
		{BA876EF8-9C91-458F-BC01-628852663C6D}.Release|Mixed Platforms.ActiveCfg = Release|Any CPU
		{BA876EF8-9C91-458F-BC01-628852663C6D}.Release|Mixed Platforms.Build.0 = Release|Any CPU
		{BA876EF8-9C91-458F-BC01-628852663C6D}.Release|x86.ActiveCfg = Release|Any CPU
		{4C55F72F-9C96-44E1-9156-550A54090B56}.Debug|Any CPU.ActiveCfg = Debug|Any CPU
		{4C55F72F-9C96-44E1-9156-550A54090B56}.Debug|Any CPU.Build.0 = Debug|Any CPU
		{4C55F72F-9C96-44E1-9156-550A54090B56}.Debug|Mixed Platforms.ActiveCfg = Debug|Any CPU
		{4C55F72F-9C96-44E1-9156-550A54090B56}.Debug|Mixed Platforms.Build.0 = Debug|Any CPU
		{4C55F72F-9C96-44E1-9156-550A54090B56}.Debug|x86.ActiveCfg = Debug|Any CPU
		{4C55F72F-9C96-44E1-9156-550A54090B56}.Release|Any CPU.ActiveCfg = Release|Any CPU
		{4C55F72F-9C96-44E1-9156-550A54090B56}.Release|Any CPU.Build.0 = Release|Any CPU
		{4C55F72F-9C96-44E1-9156-550A54090B56}.Release|Mixed Platforms.ActiveCfg = Release|Any CPU
		{4C55F72F-9C96-44E1-9156-550A54090B56}.Release|Mixed Platforms.Build.0 = Release|Any CPU
		{4C55F72F-9C96-44E1-9156-550A54090B56}.Release|x86.ActiveCfg = Release|Any CPU
		{5BFF22EA-E67D-4C50-9FF9-7341D8CBED4F}.Debug|Any CPU.ActiveCfg = Debug|Any CPU
		{5BFF22EA-E67D-4C50-9FF9-7341D8CBED4F}.Debug|Any CPU.Build.0 = Debug|Any CPU
		{5BFF22EA-E67D-4C50-9FF9-7341D8CBED4F}.Debug|Mixed Platforms.ActiveCfg = Debug|Any CPU
		{5BFF22EA-E67D-4C50-9FF9-7341D8CBED4F}.Debug|Mixed Platforms.Build.0 = Debug|Any CPU
		{5BFF22EA-E67D-4C50-9FF9-7341D8CBED4F}.Debug|x86.ActiveCfg = Debug|Any CPU
		{5BFF22EA-E67D-4C50-9FF9-7341D8CBED4F}.Release|Any CPU.ActiveCfg = Release|Any CPU
		{5BFF22EA-E67D-4C50-9FF9-7341D8CBED4F}.Release|Any CPU.Build.0 = Release|Any CPU
		{5BFF22EA-E67D-4C50-9FF9-7341D8CBED4F}.Release|Mixed Platforms.ActiveCfg = Release|Any CPU
		{5BFF22EA-E67D-4C50-9FF9-7341D8CBED4F}.Release|Mixed Platforms.Build.0 = Release|Any CPU
		{5BFF22EA-E67D-4C50-9FF9-7341D8CBED4F}.Release|x86.ActiveCfg = Release|Any CPU
		{38590156-CF11-4E15-BAA2-2090271FFAD6}.Debug|Any CPU.ActiveCfg = Debug|Any CPU
		{38590156-CF11-4E15-BAA2-2090271FFAD6}.Debug|Any CPU.Build.0 = Debug|Any CPU
		{38590156-CF11-4E15-BAA2-2090271FFAD6}.Debug|Mixed Platforms.ActiveCfg = Debug|Any CPU
		{38590156-CF11-4E15-BAA2-2090271FFAD6}.Debug|Mixed Platforms.Build.0 = Debug|Any CPU
		{38590156-CF11-4E15-BAA2-2090271FFAD6}.Debug|x86.ActiveCfg = Debug|Any CPU
		{38590156-CF11-4E15-BAA2-2090271FFAD6}.Release|Any CPU.ActiveCfg = Release|Any CPU
		{38590156-CF11-4E15-BAA2-2090271FFAD6}.Release|Any CPU.Build.0 = Release|Any CPU
		{38590156-CF11-4E15-BAA2-2090271FFAD6}.Release|Mixed Platforms.ActiveCfg = Release|Any CPU
		{38590156-CF11-4E15-BAA2-2090271FFAD6}.Release|Mixed Platforms.Build.0 = Release|Any CPU
		{38590156-CF11-4E15-BAA2-2090271FFAD6}.Release|x86.ActiveCfg = Release|Any CPU
		{A644CCB6-042A-4D33-B107-182867779D75}.Debug|Any CPU.ActiveCfg = Debug|Any CPU
		{A644CCB6-042A-4D33-B107-182867779D75}.Debug|Any CPU.Build.0 = Debug|Any CPU
		{A644CCB6-042A-4D33-B107-182867779D75}.Debug|Mixed Platforms.ActiveCfg = Debug|Any CPU
		{A644CCB6-042A-4D33-B107-182867779D75}.Debug|Mixed Platforms.Build.0 = Debug|Any CPU
		{A644CCB6-042A-4D33-B107-182867779D75}.Debug|x86.ActiveCfg = Debug|Any CPU
		{A644CCB6-042A-4D33-B107-182867779D75}.Release|Any CPU.ActiveCfg = Release|Any CPU
		{A644CCB6-042A-4D33-B107-182867779D75}.Release|Any CPU.Build.0 = Release|Any CPU
		{A644CCB6-042A-4D33-B107-182867779D75}.Release|Mixed Platforms.ActiveCfg = Release|Any CPU
		{A644CCB6-042A-4D33-B107-182867779D75}.Release|Mixed Platforms.Build.0 = Release|Any CPU
		{A644CCB6-042A-4D33-B107-182867779D75}.Release|x86.ActiveCfg = Release|Any CPU
		{DE62000E-3490-4466-916E-7949E1593AFD}.Debug|Any CPU.ActiveCfg = Debug|Any CPU
		{DE62000E-3490-4466-916E-7949E1593AFD}.Debug|Any CPU.Build.0 = Debug|Any CPU
		{DE62000E-3490-4466-916E-7949E1593AFD}.Debug|Mixed Platforms.ActiveCfg = Debug|Any CPU
		{DE62000E-3490-4466-916E-7949E1593AFD}.Debug|Mixed Platforms.Build.0 = Debug|Any CPU
		{DE62000E-3490-4466-916E-7949E1593AFD}.Debug|x86.ActiveCfg = Debug|Any CPU
		{DE62000E-3490-4466-916E-7949E1593AFD}.Release|Any CPU.ActiveCfg = Release|Any CPU
		{DE62000E-3490-4466-916E-7949E1593AFD}.Release|Any CPU.Build.0 = Release|Any CPU
		{DE62000E-3490-4466-916E-7949E1593AFD}.Release|Mixed Platforms.ActiveCfg = Release|Any CPU
		{DE62000E-3490-4466-916E-7949E1593AFD}.Release|Mixed Platforms.Build.0 = Release|Any CPU
		{DE62000E-3490-4466-916E-7949E1593AFD}.Release|x86.ActiveCfg = Release|Any CPU
		{31436160-6697-4873-903F-9ABE9B765D1D}.Debug|Any CPU.ActiveCfg = Debug|Any CPU
		{31436160-6697-4873-903F-9ABE9B765D1D}.Debug|Any CPU.Build.0 = Debug|Any CPU
		{31436160-6697-4873-903F-9ABE9B765D1D}.Debug|Mixed Platforms.ActiveCfg = Debug|Any CPU
		{31436160-6697-4873-903F-9ABE9B765D1D}.Debug|Mixed Platforms.Build.0 = Debug|Any CPU
		{31436160-6697-4873-903F-9ABE9B765D1D}.Debug|x86.ActiveCfg = Debug|Any CPU
		{31436160-6697-4873-903F-9ABE9B765D1D}.Release|Any CPU.ActiveCfg = Release|Any CPU
		{31436160-6697-4873-903F-9ABE9B765D1D}.Release|Any CPU.Build.0 = Release|Any CPU
		{31436160-6697-4873-903F-9ABE9B765D1D}.Release|Mixed Platforms.ActiveCfg = Release|Any CPU
		{31436160-6697-4873-903F-9ABE9B765D1D}.Release|Mixed Platforms.Build.0 = Release|Any CPU
		{31436160-6697-4873-903F-9ABE9B765D1D}.Release|x86.ActiveCfg = Release|Any CPU
		{2CA4926C-3F23-49B4-8F7A-74BC1F1651BB}.Debug|Any CPU.ActiveCfg = Debug|Any CPU
		{2CA4926C-3F23-49B4-8F7A-74BC1F1651BB}.Debug|Any CPU.Build.0 = Debug|Any CPU
		{2CA4926C-3F23-49B4-8F7A-74BC1F1651BB}.Debug|Mixed Platforms.ActiveCfg = Debug|Any CPU
		{2CA4926C-3F23-49B4-8F7A-74BC1F1651BB}.Debug|Mixed Platforms.Build.0 = Debug|Any CPU
		{2CA4926C-3F23-49B4-8F7A-74BC1F1651BB}.Debug|x86.ActiveCfg = Debug|Any CPU
		{2CA4926C-3F23-49B4-8F7A-74BC1F1651BB}.Release|Any CPU.ActiveCfg = Release|Any CPU
		{2CA4926C-3F23-49B4-8F7A-74BC1F1651BB}.Release|Any CPU.Build.0 = Release|Any CPU
		{2CA4926C-3F23-49B4-8F7A-74BC1F1651BB}.Release|Mixed Platforms.ActiveCfg = Release|Any CPU
		{2CA4926C-3F23-49B4-8F7A-74BC1F1651BB}.Release|Mixed Platforms.Build.0 = Release|Any CPU
		{2CA4926C-3F23-49B4-8F7A-74BC1F1651BB}.Release|x86.ActiveCfg = Release|Any CPU
		{B95C334D-FF48-4278-9313-0F6694658A6D}.Debug|Any CPU.ActiveCfg = Debug|Any CPU
		{B95C334D-FF48-4278-9313-0F6694658A6D}.Debug|Any CPU.Build.0 = Debug|Any CPU
		{B95C334D-FF48-4278-9313-0F6694658A6D}.Debug|Mixed Platforms.ActiveCfg = Debug|Any CPU
		{B95C334D-FF48-4278-9313-0F6694658A6D}.Debug|Mixed Platforms.Build.0 = Debug|Any CPU
		{B95C334D-FF48-4278-9313-0F6694658A6D}.Debug|x86.ActiveCfg = Debug|Any CPU
		{B95C334D-FF48-4278-9313-0F6694658A6D}.Release|Any CPU.ActiveCfg = Release|Any CPU
		{B95C334D-FF48-4278-9313-0F6694658A6D}.Release|Any CPU.Build.0 = Release|Any CPU
		{B95C334D-FF48-4278-9313-0F6694658A6D}.Release|Mixed Platforms.ActiveCfg = Release|Any CPU
		{B95C334D-FF48-4278-9313-0F6694658A6D}.Release|Mixed Platforms.Build.0 = Release|Any CPU
		{B95C334D-FF48-4278-9313-0F6694658A6D}.Release|x86.ActiveCfg = Release|Any CPU
	EndGlobalSection
	GlobalSection(SolutionProperties) = preSolution
		HideSolutionNode = FALSE
	EndGlobalSection
EndGlobal
